// !$*UTF8*$!
{
	archiveVersion = 1;
	classes = {
	};
	objectVersion = 56;
	objects = {

/* Begin PBXBuildFile section */
		7EEF828E2AA371AF001FA3D0 /* SwiftUIMemoApp.swift in Sources */ = {isa = PBXBuildFile; fileRef = 7EEF828D2AA371AF001FA3D0 /* SwiftUIMemoApp.swift */; };
		7EEF82922AA371B0001FA3D0 /* Assets.xcassets in Resources */ = {isa = PBXBuildFile; fileRef = 7EEF82912AA371B0001FA3D0 /* Assets.xcassets */; };
		7EEF82952AA371B0001FA3D0 /* Preview Assets.xcassets in Resources */ = {isa = PBXBuildFile; fileRef = 7EEF82942AA371B0001FA3D0 /* Preview Assets.xcassets */; };
		7EEF829A2AA371B0001FA3D0 /* SwiftUIMemo.xcdatamodeld in Sources */ = {isa = PBXBuildFile; fileRef = 7EEF82982AA371B0001FA3D0 /* SwiftUIMemo.xcdatamodeld */; };
		7EEF82A12AA3720A001FA3D0 /* MainListView.swift in Sources */ = {isa = PBXBuildFile; fileRef = 7EEF82A02AA3720A001FA3D0 /* MainListView.swift */; };
		7EEF82A52AA37288001FA3D0 /* Memo.swift in Sources */ = {isa = PBXBuildFile; fileRef = 7EEF82A42AA37288001FA3D0 /* Memo.swift */; };
		7EEF82A72AA372FB001FA3D0 /* MemoStore.swift in Sources */ = {isa = PBXBuildFile; fileRef = 7EEF82A62AA372FB001FA3D0 /* MemoStore.swift */; };
		7EEF82AD2AA486AF001FA3D0 /* MemoCell.swift in Sources */ = {isa = PBXBuildFile; fileRef = 7EEF82AC2AA486AF001FA3D0 /* MemoCell.swift */; };
		7EEF82B02AA48723001FA3D0 /* ComposeView.swift in Sources */ = {isa = PBXBuildFile; fileRef = 7EEF82AF2AA48723001FA3D0 /* ComposeView.swift */; };
		7EEF82B22AA489AC001FA3D0 /* DetailView.swift in Sources */ = {isa = PBXBuildFile; fileRef = 7EEF82B12AA489AC001FA3D0 /* DetailView.swift */; };
		7EEF82B42AA493BA001FA3D0 /* CoreDataManager.swift in Sources */ = {isa = PBXBuildFile; fileRef = 7EEF82B32AA493BA001FA3D0 /* CoreDataManager.swift */; };
/* End PBXBuildFile section */

/* Begin PBXFileReference section */
		7EEF828A2AA371AF001FA3D0 /* SwiftUIMemo.app */ = {isa = PBXFileReference; explicitFileType = wrapper.application; includeInIndex = 0; path = SwiftUIMemo.app; sourceTree = BUILT_PRODUCTS_DIR; };
		7EEF828D2AA371AF001FA3D0 /* SwiftUIMemoApp.swift */ = {isa = PBXFileReference; lastKnownFileType = sourcecode.swift; path = SwiftUIMemoApp.swift; sourceTree = "<group>"; };
		7EEF82912AA371B0001FA3D0 /* Assets.xcassets */ = {isa = PBXFileReference; lastKnownFileType = folder.assetcatalog; path = Assets.xcassets; sourceTree = "<group>"; };
		7EEF82942AA371B0001FA3D0 /* Preview Assets.xcassets */ = {isa = PBXFileReference; lastKnownFileType = folder.assetcatalog; path = "Preview Assets.xcassets"; sourceTree = "<group>"; };
		7EEF82992AA371B0001FA3D0 /* SwiftUIMemo.xcdatamodel */ = {isa = PBXFileReference; lastKnownFileType = wrapper.xcdatamodel; path = SwiftUIMemo.xcdatamodel; sourceTree = "<group>"; };
		7EEF82A02AA3720A001FA3D0 /* MainListView.swift */ = {isa = PBXFileReference; lastKnownFileType = sourcecode.swift; path = MainListView.swift; sourceTree = "<group>"; };
		7EEF82A42AA37288001FA3D0 /* Memo.swift */ = {isa = PBXFileReference; lastKnownFileType = sourcecode.swift; path = Memo.swift; sourceTree = "<group>"; };
		7EEF82A62AA372FB001FA3D0 /* MemoStore.swift */ = {isa = PBXFileReference; lastKnownFileType = sourcecode.swift; path = MemoStore.swift; sourceTree = "<group>"; };
		7EEF82AC2AA486AF001FA3D0 /* MemoCell.swift */ = {isa = PBXFileReference; lastKnownFileType = sourcecode.swift; path = MemoCell.swift; sourceTree = "<group>"; };
		7EEF82AF2AA48723001FA3D0 /* ComposeView.swift */ = {isa = PBXFileReference; lastKnownFileType = sourcecode.swift; path = ComposeView.swift; sourceTree = "<group>"; };
		7EEF82B12AA489AC001FA3D0 /* DetailView.swift */ = {isa = PBXFileReference; lastKnownFileType = sourcecode.swift; path = DetailView.swift; sourceTree = "<group>"; };
		7EEF82B32AA493BA001FA3D0 /* CoreDataManager.swift */ = {isa = PBXFileReference; lastKnownFileType = sourcecode.swift; path = CoreDataManager.swift; sourceTree = "<group>"; };
/* End PBXFileReference section */

/* Begin PBXFrameworksBuildPhase section */
		7EEF82872AA371AF001FA3D0 /* Frameworks */ = {
			isa = PBXFrameworksBuildPhase;
			buildActionMask = 2147483647;
			files = (
			);
			runOnlyForDeploymentPostprocessing = 0;
		};
/* End PBXFrameworksBuildPhase section */

/* Begin PBXGroup section */
		7EEF82812AA371AF001FA3D0 = {
			isa = PBXGroup;
			children = (
				7EEF828C2AA371AF001FA3D0 /* SwiftUIMemo */,
				7EEF828B2AA371AF001FA3D0 /* Products */,
			);
			sourceTree = "<group>";
		};
		7EEF828B2AA371AF001FA3D0 /* Products */ = {
			isa = PBXGroup;
			children = (
				7EEF828A2AA371AF001FA3D0 /* SwiftUIMemo.app */,
			);
			name = Products;
			sourceTree = "<group>";
		};
		7EEF828C2AA371AF001FA3D0 /* SwiftUIMemo */ = {
			isa = PBXGroup;
			children = (
				7EEF82AA2AA4869C001FA3D0 /* View */,
				7EEF82A32AA37240001FA3D0 /* CoreData */,
				7EEF82A22AA37239001FA3D0 /* Memory */,
				7EEF828D2AA371AF001FA3D0 /* SwiftUIMemoApp.swift */,
				7EEF82912AA371B0001FA3D0 /* Assets.xcassets */,
				7EEF82932AA371B0001FA3D0 /* Preview Content */,
			);
			path = SwiftUIMemo;
			sourceTree = "<group>";
		};
		7EEF82932AA371B0001FA3D0 /* Preview Content */ = {
			isa = PBXGroup;
			children = (
				7EEF82942AA371B0001FA3D0 /* Preview Assets.xcassets */,
			);
			path = "Preview Content";
			sourceTree = "<group>";
		};
		7EEF82A22AA37239001FA3D0 /* Memory */ = {
			isa = PBXGroup;
			children = (
				7EEF82A42AA37288001FA3D0 /* Memo.swift */,
				7EEF82A62AA372FB001FA3D0 /* MemoStore.swift */,
			);
			path = Memory;
			sourceTree = "<group>";
		};
		7EEF82A32AA37240001FA3D0 /* CoreData */ = {
			isa = PBXGroup;
			children = (
				7EEF82982AA371B0001FA3D0 /* SwiftUIMemo.xcdatamodeld */,
				7EEF82B32AA493BA001FA3D0 /* CoreDataManager.swift */,
			);
			path = CoreData;
			sourceTree = "<group>";
		};
		7EEF82AA2AA4869C001FA3D0 /* View */ = {
			isa = PBXGroup;
			children = (
				7EEF82AC2AA486AF001FA3D0 /* MemoCell.swift */,
				7EEF82A02AA3720A001FA3D0 /* MainListView.swift */,
				7EEF82AF2AA48723001FA3D0 /* ComposeView.swift */,
				7EEF82B12AA489AC001FA3D0 /* DetailView.swift */,
			);
			path = View;
			sourceTree = "<group>";
		};
/* End PBXGroup section */

/* Begin PBXNativeTarget section */
		7EEF82892AA371AF001FA3D0 /* SwiftUIMemo */ = {
			isa = PBXNativeTarget;
			buildConfigurationList = 7EEF829D2AA371B0001FA3D0 /* Build configuration list for PBXNativeTarget "SwiftUIMemo" */;
			buildPhases = (
				7EEF82862AA371AF001FA3D0 /* Sources */,
				7EEF82872AA371AF001FA3D0 /* Frameworks */,
				7EEF82882AA371AF001FA3D0 /* Resources */,
			);
			buildRules = (
			);
			dependencies = (
			);
			name = SwiftUIMemo;
			productName = SwiftUIMemo;
			productReference = 7EEF828A2AA371AF001FA3D0 /* SwiftUIMemo.app */;
			productType = "com.apple.product-type.application";
		};
/* End PBXNativeTarget section */

/* Begin PBXProject section */
		7EEF82822AA371AF001FA3D0 /* Project object */ = {
			isa = PBXProject;
			attributes = {
				BuildIndependentTargetsInParallel = 1;
				LastSwiftUpdateCheck = 1430;
				LastUpgradeCheck = 1430;
				TargetAttributes = {
					7EEF82892AA371AF001FA3D0 = {
						CreatedOnToolsVersion = 14.3.1;
					};
				};
			};
			buildConfigurationList = 7EEF82852AA371AF001FA3D0 /* Build configuration list for PBXProject "SwiftUIMemo" */;
			compatibilityVersion = "Xcode 14.0";
			developmentRegion = en;
			hasScannedForEncodings = 0;
			knownRegions = (
				en,
				Base,
			);
			mainGroup = 7EEF82812AA371AF001FA3D0;
			productRefGroup = 7EEF828B2AA371AF001FA3D0 /* Products */;
			projectDirPath = "";
			projectRoot = "";
			targets = (
				7EEF82892AA371AF001FA3D0 /* SwiftUIMemo */,
			);
		};
/* End PBXProject section */

/* Begin PBXResourcesBuildPhase section */
		7EEF82882AA371AF001FA3D0 /* Resources */ = {
			isa = PBXResourcesBuildPhase;
			buildActionMask = 2147483647;
			files = (
				7EEF82952AA371B0001FA3D0 /* Preview Assets.xcassets in Resources */,
				7EEF82922AA371B0001FA3D0 /* Assets.xcassets in Resources */,
			);
			runOnlyForDeploymentPostprocessing = 0;
		};
/* End PBXResourcesBuildPhase section */

/* Begin PBXSourcesBuildPhase section */
		7EEF82862AA371AF001FA3D0 /* Sources */ = {
			isa = PBXSourcesBuildPhase;
			buildActionMask = 2147483647;
			files = (
				7EEF82AD2AA486AF001FA3D0 /* MemoCell.swift in Sources */,
				7EEF82B22AA489AC001FA3D0 /* DetailView.swift in Sources */,
				7EEF82A72AA372FB001FA3D0 /* MemoStore.swift in Sources */,
				7EEF82A12AA3720A001FA3D0 /* MainListView.swift in Sources */,
				7EEF829A2AA371B0001FA3D0 /* SwiftUIMemo.xcdatamodeld in Sources */,
				7EEF82B02AA48723001FA3D0 /* ComposeView.swift in Sources */,
				7EEF828E2AA371AF001FA3D0 /* SwiftUIMemoApp.swift in Sources */,
				7EEF82B42AA493BA001FA3D0 /* CoreDataManager.swift in Sources */,
				7EEF82A52AA37288001FA3D0 /* Memo.swift in Sources */,
			);
			runOnlyForDeploymentPostprocessing = 0;
		};
/* End PBXSourcesBuildPhase section */

/* Begin XCBuildConfiguration section */
		7EEF829B2AA371B0001FA3D0 /* Debug */ = {
			isa = XCBuildConfiguration;
			buildSettings = {
				ALWAYS_SEARCH_USER_PATHS = NO;
				CLANG_ANALYZER_NONNULL = YES;
				CLANG_ANALYZER_NUMBER_OBJECT_CONVERSION = YES_AGGRESSIVE;
				CLANG_CXX_LANGUAGE_STANDARD = "gnu++20";
				CLANG_ENABLE_MODULES = YES;
				CLANG_ENABLE_OBJC_ARC = YES;
				CLANG_ENABLE_OBJC_WEAK = YES;
				CLANG_WARN_BLOCK_CAPTURE_AUTORELEASING = YES;
				CLANG_WARN_BOOL_CONVERSION = YES;
				CLANG_WARN_COMMA = YES;
				CLANG_WARN_CONSTANT_CONVERSION = YES;
				CLANG_WARN_DEPRECATED_OBJC_IMPLEMENTATIONS = YES;
				CLANG_WARN_DIRECT_OBJC_ISA_USAGE = YES_ERROR;
				CLANG_WARN_DOCUMENTATION_COMMENTS = YES;
				CLANG_WARN_EMPTY_BODY = YES;
				CLANG_WARN_ENUM_CONVERSION = YES;
				CLANG_WARN_INFINITE_RECURSION = YES;
				CLANG_WARN_INT_CONVERSION = YES;
				CLANG_WARN_NON_LITERAL_NULL_CONVERSION = YES;
				CLANG_WARN_OBJC_IMPLICIT_RETAIN_SELF = YES;
				CLANG_WARN_OBJC_LITERAL_CONVERSION = YES;
				CLANG_WARN_OBJC_ROOT_CLASS = YES_ERROR;
				CLANG_WARN_QUOTED_INCLUDE_IN_FRAMEWORK_HEADER = YES;
				CLANG_WARN_RANGE_LOOP_ANALYSIS = YES;
				CLANG_WARN_STRICT_PROTOTYPES = YES;
				CLANG_WARN_SUSPICIOUS_MOVE = YES;
				CLANG_WARN_UNGUARDED_AVAILABILITY = YES_AGGRESSIVE;
				CLANG_WARN_UNREACHABLE_CODE = YES;
				CLANG_WARN__DUPLICATE_METHOD_MATCH = YES;
				COPY_PHASE_STRIP = NO;
				DEBUG_INFORMATION_FORMAT = dwarf;
				ENABLE_STRICT_OBJC_MSGSEND = YES;
				ENABLE_TESTABILITY = YES;
				GCC_C_LANGUAGE_STANDARD = gnu11;
				GCC_DYNAMIC_NO_PIC = NO;
				GCC_NO_COMMON_BLOCKS = YES;
				GCC_OPTIMIZATION_LEVEL = 0;
				GCC_PREPROCESSOR_DEFINITIONS = (
					"DEBUG=1",
					"$(inherited)",
				);
				GCC_WARN_64_TO_32_BIT_CONVERSION = YES;
				GCC_WARN_ABOUT_RETURN_TYPE = YES_ERROR;
				GCC_WARN_UNDECLARED_SELECTOR = YES;
				GCC_WARN_UNINITIALIZED_AUTOS = YES_AGGRESSIVE;
				GCC_WARN_UNUSED_FUNCTION = YES;
				GCC_WARN_UNUSED_VARIABLE = YES;
				IPHONEOS_DEPLOYMENT_TARGET = 16.4;
				MTL_ENABLE_DEBUG_INFO = INCLUDE_SOURCE;
				MTL_FAST_MATH = YES;
				ONLY_ACTIVE_ARCH = YES;
				SDKROOT = iphoneos;
				SWIFT_ACTIVE_COMPILATION_CONDITIONS = DEBUG;
				SWIFT_OPTIMIZATION_LEVEL = "-Onone";
			};
			name = Debug;
		};
		7EEF829C2AA371B0001FA3D0 /* Release */ = {
			isa = XCBuildConfiguration;
			buildSettings = {
				ALWAYS_SEARCH_USER_PATHS = NO;
				CLANG_ANALYZER_NONNULL = YES;
				CLANG_ANALYZER_NUMBER_OBJECT_CONVERSION = YES_AGGRESSIVE;
				CLANG_CXX_LANGUAGE_STANDARD = "gnu++20";
				CLANG_ENABLE_MODULES = YES;
				CLANG_ENABLE_OBJC_ARC = YES;
				CLANG_ENABLE_OBJC_WEAK = YES;
				CLANG_WARN_BLOCK_CAPTURE_AUTORELEASING = YES;
				CLANG_WARN_BOOL_CONVERSION = YES;
				CLANG_WARN_COMMA = YES;
				CLANG_WARN_CONSTANT_CONVERSION = YES;
				CLANG_WARN_DEPRECATED_OBJC_IMPLEMENTATIONS = YES;
				CLANG_WARN_DIRECT_OBJC_ISA_USAGE = YES_ERROR;
				CLANG_WARN_DOCUMENTATION_COMMENTS = YES;
				CLANG_WARN_EMPTY_BODY = YES;
				CLANG_WARN_ENUM_CONVERSION = YES;
				CLANG_WARN_INFINITE_RECURSION = YES;
				CLANG_WARN_INT_CONVERSION = YES;
				CLANG_WARN_NON_LITERAL_NULL_CONVERSION = YES;
				CLANG_WARN_OBJC_IMPLICIT_RETAIN_SELF = YES;
				CLANG_WARN_OBJC_LITERAL_CONVERSION = YES;
				CLANG_WARN_OBJC_ROOT_CLASS = YES_ERROR;
				CLANG_WARN_QUOTED_INCLUDE_IN_FRAMEWORK_HEADER = YES;
				CLANG_WARN_RANGE_LOOP_ANALYSIS = YES;
				CLANG_WARN_STRICT_PROTOTYPES = YES;
				CLANG_WARN_SUSPICIOUS_MOVE = YES;
				CLANG_WARN_UNGUARDED_AVAILABILITY = YES_AGGRESSIVE;
				CLANG_WARN_UNREACHABLE_CODE = YES;
				CLANG_WARN__DUPLICATE_METHOD_MATCH = YES;
				COPY_PHASE_STRIP = NO;
				DEBUG_INFORMATION_FORMAT = "dwarf-with-dsym";
				ENABLE_NS_ASSERTIONS = NO;
				ENABLE_STRICT_OBJC_MSGSEND = YES;
				GCC_C_LANGUAGE_STANDARD = gnu11;
				GCC_NO_COMMON_BLOCKS = YES;
				GCC_WARN_64_TO_32_BIT_CONVERSION = YES;
				GCC_WARN_ABOUT_RETURN_TYPE = YES_ERROR;
				GCC_WARN_UNDECLARED_SELECTOR = YES;
				GCC_WARN_UNINITIALIZED_AUTOS = YES_AGGRESSIVE;
				GCC_WARN_UNUSED_FUNCTION = YES;
				GCC_WARN_UNUSED_VARIABLE = YES;
				IPHONEOS_DEPLOYMENT_TARGET = 16.4;
				MTL_ENABLE_DEBUG_INFO = NO;
				MTL_FAST_MATH = YES;
				SDKROOT = iphoneos;
				SWIFT_COMPILATION_MODE = wholemodule;
				SWIFT_OPTIMIZATION_LEVEL = "-O";
				VALIDATE_PRODUCT = YES;
			};
			name = Release;
		};
		7EEF829E2AA371B0001FA3D0 /* Debug */ = {
			isa = XCBuildConfiguration;
			buildSettings = {
				ASSETCATALOG_COMPILER_APPICON_NAME = AppIcon;
				ASSETCATALOG_COMPILER_GLOBAL_ACCENT_COLOR_NAME = AccentColor;
				CODE_SIGN_STYLE = Automatic;
				CURRENT_PROJECT_VERSION = 1;
				DEVELOPMENT_ASSET_PATHS = "\"SwiftUIMemo/Preview Content\"";
				DEVELOPMENT_TEAM = NL7TARX6W5;
				ENABLE_PREVIEWS = YES;
				GENERATE_INFOPLIST_FILE = YES;
				INFOPLIST_KEY_UIApplicationSceneManifest_Generation = YES;
				INFOPLIST_KEY_UIApplicationSupportsIndirectInputEvents = YES;
				INFOPLIST_KEY_UILaunchScreen_Generation = YES;
				INFOPLIST_KEY_UISupportedInterfaceOrientations_iPad = "UIInterfaceOrientationPortrait UIInterfaceOrientationPortraitUpsideDown UIInterfaceOrientationLandscapeLeft UIInterfaceOrientationLandscapeRight";
				INFOPLIST_KEY_UISupportedInterfaceOrientations_iPhone = "UIInterfaceOrientationPortrait UIInterfaceOrientationLandscapeLeft UIInterfaceOrientationLandscapeRight";
				LD_RUNPATH_SEARCH_PATHS = (
					"$(inherited)",
					"@executable_path/Frameworks",
				);
				MARKETING_VERSION = 1.0;
				PRODUCT_BUNDLE_IDENTIFIER = com.newkayak12.SwiftUIMemo;
				PRODUCT_NAME = "$(TARGET_NAME)";
				SWIFT_EMIT_LOC_STRINGS = YES;
				SWIFT_VERSION = 5.0;
				TARGETED_DEVICE_FAMILY = "1,2";
			};
			name = Debug;
		};
		7EEF829F2AA371B0001FA3D0 /* Release */ = {
			isa = XCBuildConfiguration;
			buildSettings = {
				ASSETCATALOG_COMPILER_APPICON_NAME = AppIcon;
				ASSETCATALOG_COMPILER_GLOBAL_ACCENT_COLOR_NAME = AccentColor;
				CODE_SIGN_STYLE = Automatic;
				CURRENT_PROJECT_VERSION = 1;
				DEVELOPMENT_ASSET_PATHS = "\"SwiftUIMemo/Preview Content\"";
				DEVELOPMENT_TEAM = NL7TARX6W5;
				ENABLE_PREVIEWS = YES;
				GENERATE_INFOPLIST_FILE = YES;
				INFOPLIST_KEY_UIApplicationSceneManifest_Generation = YES;
				INFOPLIST_KEY_UIApplicationSupportsIndirectInputEvents = YES;
				INFOPLIST_KEY_UILaunchScreen_Generation = YES;
				INFOPLIST_KEY_UISupportedInterfaceOrientations_iPad = "UIInterfaceOrientationPortrait UIInterfaceOrientationPortraitUpsideDown UIInterfaceOrientationLandscapeLeft UIInterfaceOrientationLandscapeRight";
				INFOPLIST_KEY_UISupportedInterfaceOrientations_iPhone = "UIInterfaceOrientationPortrait UIInterfaceOrientationLandscapeLeft UIInterfaceOrientationLandscapeRight";
				LD_RUNPATH_SEARCH_PATHS = (
					"$(inherited)",
					"@executable_path/Frameworks",
				);
				MARKETING_VERSION = 1.0;
				PRODUCT_BUNDLE_IDENTIFIER = com.newkayak12.SwiftUIMemo;
				PRODUCT_NAME = "$(TARGET_NAME)";
				SWIFT_EMIT_LOC_STRINGS = YES;
				SWIFT_VERSION = 5.0;
				TARGETED_DEVICE_FAMILY = "1,2";
			};
			name = Release;
		};
/* End XCBuildConfiguration section */

/* Begin XCConfigurationList section */
		7EEF82852AA371AF001FA3D0 /* Build configuration list for PBXProject "SwiftUIMemo" */ = {
			isa = XCConfigurationList;
			buildConfigurations = (
				7EEF829B2AA371B0001FA3D0 /* Debug */,
				7EEF829C2AA371B0001FA3D0 /* Release */,
			);
			defaultConfigurationIsVisible = 0;
			defaultConfigurationName = Release;
		};
		7EEF829D2AA371B0001FA3D0 /* Build configuration list for PBXNativeTarget "SwiftUIMemo" */ = {
			isa = XCConfigurationList;
			buildConfigurations = (
				7EEF829E2AA371B0001FA3D0 /* Debug */,
				7EEF829F2AA371B0001FA3D0 /* Release */,
			);
			defaultConfigurationIsVisible = 0;
			defaultConfigurationName = Release;
		};
/* End XCConfigurationList section */

/* Begin XCVersionGroup section */
		7EEF82982AA371B0001FA3D0 /* SwiftUIMemo.xcdatamodeld */ = {
			isa = XCVersionGroup;
			children = (
				7EEF82992AA371B0001FA3D0 /* SwiftUIMemo.xcdatamodel */,
			);
			currentVersion = 7EEF82992AA371B0001FA3D0 /* SwiftUIMemo.xcdatamodel */;
			path = SwiftUIMemo.xcdatamodeld;
			sourceTree = "<group>";
			versionGroupType = wrapper.xcdatamodel;
		};
/* End XCVersionGroup section */
	};
	rootObject = 7EEF82822AA371AF001FA3D0 /* Project object */;
}
